
Microsoft Visual Studio Solution File, Format Version 12.00
# Visual Studio Version 16
VisualStudioVersion = 16.0.32602.291
MinimumVisualStudioVersion = 10.0.40219.1
Project("{FAE04EC0-301F-11D3-BF4B-00C04F79EFBC}") = "ReCapProject", "ReCapProject\ReCapProject.csproj", "{FAC37191-015A-46CF-990B-CA8D6B36BF5A}"
EndProject
Global
	GlobalSection(SolutionConfigurationPlatforms) = preSolution
		Debug|Any CPU = Debug|Any CPU
		Release|Any CPU = Release|Any CPU
	EndGlobalSection
	GlobalSection(ProjectConfigurationPlatforms) = postSolution
		{FAC37191-015A-46CF-990B-CA8D6B36BF5A}.Debug|Any CPU.ActiveCfg = Debug|Any CPU
		{FAC37191-015A-46CF-990B-CA8D6B36BF5A}.Debug|Any CPU.Build.0 = Debug|Any CPU
		{FAC37191-015A-46CF-990B-CA8D6B36BF5A}.Release|Any CPU.ActiveCfg = Release|Any CPU
		{FAC37191-015A-46CF-990B-CA8D6B36BF5A}.Release|Any CPU.Build.0 = Release|Any CPU
	EndGlobalSection
	GlobalSection(SolutionProperties) = preSolution
		HideSolutionNode = FALSE
	EndGlobalSection
	GlobalSection(ExtensibilityGlobals) = postSolution
		SolutionGuid = {6FC1D423-C34C-49AD-A538-8CB37DCD532F}
	EndGlobalSection
EndGlobal
